// !$*UTF8*$!
{
	archiveVersion = 1;
	classes = {
	};
	objectVersion = 54;
	objects = {

/* Begin PBXBuildFile section */
		37CC0A349D1DF8C45DCE3932 /* ViewTest.swift in Sources */ = {isa = PBXBuildFile; fileRef = 332DBEA010EA0B6B22BB8B76 /* ViewTest.swift */; };
		3D04F2994886E9B882272D00 /* Atoms in Frameworks */ = {isa = PBXBuildFile; productRef = 7B5EF8D0C63A771D0273495C /* Atoms */; };
		6058E8D021BC1704D34B300E /* iOS.swift in Sources */ = {isa = PBXBuildFile; fileRef = C19103B92174B65104B95916 /* iOS.swift */; };
		8A6A36AD830E201403FBC055 /* BenchmarkTests.swift in Sources */ = {isa = PBXBuildFile; fileRef = 5C445FFAB770D17223D4108E /* BenchmarkTests.swift */; };
		A0C4F6802223AA2A9A0395E8 /* TestView.swift in Sources */ = {isa = PBXBuildFile; fileRef = 57ACB744EF58831366B5BCE7 /* TestView.swift */; };
/* End PBXBuildFile section */

/* Begin PBXContainerItemProxy section */
		DBB168F6872B58577C94E778 /* PBXContainerItemProxy */ = {
			isa = PBXContainerItemProxy;
			containerPortal = 0FBAE303E3CFC2ABAC876A77 /* Project object */;
			proxyType = 1;
			remoteGlobalIDString = 661ED53A3422F429219FECFF;
			remoteInfo = TestHostApp;
		};
/* End PBXContainerItemProxy section */

/* Begin PBXFileReference section */
		1B958FC315257DE6087DC271 /* TestHostApp.app */ = {isa = PBXFileReference; includeInIndex = 0; lastKnownFileType = wrapper.application; path = TestHostApp.app; sourceTree = BUILT_PRODUCTS_DIR; };
		332DBEA010EA0B6B22BB8B76 /* ViewTest.swift */ = {isa = PBXFileReference; lastKnownFileType = sourcecode.swift; path = ViewTest.swift; sourceTree = "<group>"; };
		3B4D05416F67D739A8D7824C /* swiftui-atom-properties */ = {isa = PBXFileReference; lastKnownFileType = folder; name = "swiftui-atom-properties"; path = ..; sourceTree = SOURCE_ROOT; };
		57ACB744EF58831366B5BCE7 /* TestView.swift */ = {isa = PBXFileReference; lastKnownFileType = sourcecode.swift; path = TestView.swift; sourceTree = "<group>"; };
		5C445FFAB770D17223D4108E /* BenchmarkTests.swift */ = {isa = PBXFileReference; lastKnownFileType = sourcecode.swift; path = BenchmarkTests.swift; sourceTree = "<group>"; };
		C19103B92174B65104B95916 /* iOS.swift */ = {isa = PBXFileReference; lastKnownFileType = sourcecode.swift; path = iOS.swift; sourceTree = "<group>"; };
		D350017EC00C70F9C6A9EE5F /* BenchmarkTests.xctest */ = {isa = PBXFileReference; includeInIndex = 0; lastKnownFileType = wrapper.cfbundle; path = BenchmarkTests.xctest; sourceTree = BUILT_PRODUCTS_DIR; };
/* End PBXFileReference section */

/* Begin PBXFrameworksBuildPhase section */
		091E4B007D3754FEB08A9A62 /* Frameworks */ = {
			isa = PBXFrameworksBuildPhase;
			buildActionMask = 2147483647;
			files = (
				3D04F2994886E9B882272D00 /* Atoms in Frameworks */,
			);
			runOnlyForDeploymentPostprocessing = 0;
		};
/* End PBXFrameworksBuildPhase section */

/* Begin PBXGroup section */
		1F2DE413CF2CB54988158172 /* App */ = {
			isa = PBXGroup;
			children = (
				C19103B92174B65104B95916 /* iOS.swift */,
			);
			path = App;
			sourceTree = "<group>";
		};
		293D0FF827366B513839236A = {
			isa = PBXGroup;
			children = (
				1F2DE413CF2CB54988158172 /* App */,
				A333A3A8D6366A46FB38C5DD /* Packages */,
				2E874F3DDBE69E7EC34999E8 /* Tests */,
				AC523591AC7BE9275003D2DB /* Products */,
			);
			sourceTree = "<group>";
		};
		2E874F3DDBE69E7EC34999E8 /* Tests */ = {
			isa = PBXGroup;
			children = (
				5C445FFAB770D17223D4108E /* BenchmarkTests.swift */,
				57ACB744EF58831366B5BCE7 /* TestView.swift */,
				332DBEA010EA0B6B22BB8B76 /* ViewTest.swift */,
			);
			path = Tests;
			sourceTree = "<group>";
		};
		A333A3A8D6366A46FB38C5DD /* Packages */ = {
			isa = PBXGroup;
			children = (
				3B4D05416F67D739A8D7824C /* swiftui-atom-properties */,
			);
			name = Packages;
			sourceTree = "<group>";
		};
		AC523591AC7BE9275003D2DB /* Products */ = {
			isa = PBXGroup;
			children = (
				D350017EC00C70F9C6A9EE5F /* BenchmarkTests.xctest */,
				1B958FC315257DE6087DC271 /* TestHostApp.app */,
			);
			name = Products;
			sourceTree = "<group>";
		};
/* End PBXGroup section */

/* Begin PBXNativeTarget section */
		661ED53A3422F429219FECFF /* TestHostApp */ = {
			isa = PBXNativeTarget;
			buildConfigurationList = 26848C6FB078701AE9EEFAC7 /* Build configuration list for PBXNativeTarget "TestHostApp" */;
			buildPhases = (
				B8BC93982F4B8FCB686912D2 /* Sources */,
			);
			buildRules = (
			);
			dependencies = (
			);
			name = TestHostApp;
			productName = TestHostApp;
			productReference = 1B958FC315257DE6087DC271 /* TestHostApp.app */;
			productType = "com.apple.product-type.application";
		};
		6DA7AAFCA871E516913F5B46 /* BenchmarkTests */ = {
			isa = PBXNativeTarget;
			buildConfigurationList = 9373A9C48A427350E69A3E43 /* Build configuration list for PBXNativeTarget "BenchmarkTests" */;
			buildPhases = (
				23B894EA98DB0447ECB929F0 /* Sources */,
				091E4B007D3754FEB08A9A62 /* Frameworks */,
			);
			buildRules = (
			);
			dependencies = (
				E59C2F62ECF78BD548283F02 /* PBXTargetDependency */,
			);
			name = BenchmarkTests;
			packageProductDependencies = (
				7B5EF8D0C63A771D0273495C /* Atoms */,
			);
			productName = BenchmarkTests;
			productReference = D350017EC00C70F9C6A9EE5F /* BenchmarkTests.xctest */;
			productType = "com.apple.product-type.bundle.unit-test";
		};
/* End PBXNativeTarget section */

/* Begin PBXProject section */
		0FBAE303E3CFC2ABAC876A77 /* Project object */ = {
			isa = PBXProject;
			attributes = {
				BuildIndependentTargetsInParallel = YES;
				LastUpgradeCheck = 1430;
				TargetAttributes = {
					661ED53A3422F429219FECFF = {
						ProvisioningStyle = Manual;
					};
					6DA7AAFCA871E516913F5B46 = {
						ProvisioningStyle = Manual;
					};
				};
			};
			buildConfigurationList = D91E14E36EC0B415578456F2 /* Build configuration list for PBXProject "Project" */;
			compatibilityVersion = "Xcode 14.0";
			developmentRegion = en;
			hasScannedForEncodings = 0;
			knownRegions = (
				Base,
				en,
			);
			mainGroup = 293D0FF827366B513839236A;
			packageReferences = (
				46971BDB6A1F62470AB88C76 /* XCLocalSwiftPackageReference ".." */,
			);
			projectDirPath = "";
			projectRoot = "";
			targets = (
				6DA7AAFCA871E516913F5B46 /* BenchmarkTests */,
				661ED53A3422F429219FECFF /* TestHostApp */,
			);
		};
/* End PBXProject section */

/* Begin PBXSourcesBuildPhase section */
		23B894EA98DB0447ECB929F0 /* Sources */ = {
			isa = PBXSourcesBuildPhase;
			buildActionMask = 2147483647;
			files = (
				8A6A36AD830E201403FBC055 /* BenchmarkTests.swift in Sources */,
				A0C4F6802223AA2A9A0395E8 /* TestView.swift in Sources */,
				37CC0A349D1DF8C45DCE3932 /* ViewTest.swift in Sources */,
			);
			runOnlyForDeploymentPostprocessing = 0;
		};
		B8BC93982F4B8FCB686912D2 /* Sources */ = {
			isa = PBXSourcesBuildPhase;
			buildActionMask = 2147483647;
			files = (
				6058E8D021BC1704D34B300E /* iOS.swift in Sources */,
			);
			runOnlyForDeploymentPostprocessing = 0;
		};
/* End PBXSourcesBuildPhase section */

/* Begin PBXTargetDependency section */
		E59C2F62ECF78BD548283F02 /* PBXTargetDependency */ = {
			isa = PBXTargetDependency;
			target = 661ED53A3422F429219FECFF /* TestHostApp */;
			targetProxy = DBB168F6872B58577C94E778 /* PBXContainerItemProxy */;
		};
/* End PBXTargetDependency section */

/* Begin XCBuildConfiguration section */
		036FCF7C4B48C154279F289D /* Release */ = {
			isa = XCBuildConfiguration;
			buildSettings = {
				ALWAYS_SEARCH_USER_PATHS = NO;
				CLANG_ANALYZER_NONNULL = YES;
				CLANG_ANALYZER_NUMBER_OBJECT_CONVERSION = YES_AGGRESSIVE;
				CLANG_CXX_LANGUAGE_STANDARD = "gnu++14";
				CLANG_CXX_LIBRARY = "libc++";
				CLANG_ENABLE_MODULES = YES;
				CLANG_ENABLE_OBJC_ARC = YES;
				CLANG_ENABLE_OBJC_WEAK = YES;
				CLANG_WARN_BLOCK_CAPTURE_AUTORELEASING = YES;
				CLANG_WARN_BOOL_CONVERSION = YES;
				CLANG_WARN_COMMA = YES;
				CLANG_WARN_CONSTANT_CONVERSION = YES;
				CLANG_WARN_DEPRECATED_OBJC_IMPLEMENTATIONS = YES;
				CLANG_WARN_DIRECT_OBJC_ISA_USAGE = YES_ERROR;
				CLANG_WARN_DOCUMENTATION_COMMENTS = YES;
				CLANG_WARN_EMPTY_BODY = YES;
				CLANG_WARN_ENUM_CONVERSION = YES;
				CLANG_WARN_INFINITE_RECURSION = YES;
				CLANG_WARN_INT_CONVERSION = YES;
				CLANG_WARN_NON_LITERAL_NULL_CONVERSION = YES;
				CLANG_WARN_OBJC_IMPLICIT_RETAIN_SELF = YES;
				CLANG_WARN_OBJC_LITERAL_CONVERSION = YES;
				CLANG_WARN_OBJC_ROOT_CLASS = YES_ERROR;
				CLANG_WARN_QUOTED_INCLUDE_IN_FRAMEWORK_HEADER = YES;
				CLANG_WARN_RANGE_LOOP_ANALYSIS = YES;
				CLANG_WARN_STRICT_PROTOTYPES = YES;
				CLANG_WARN_SUSPICIOUS_MOVE = YES;
				CLANG_WARN_UNGUARDED_AVAILABILITY = YES_AGGRESSIVE;
				CLANG_WARN_UNREACHABLE_CODE = YES;
				CLANG_WARN__DUPLICATE_METHOD_MATCH = YES;
				CODE_SIGNING_REQUIRED = NO;
				CODE_SIGN_IDENTITY = "-";
				CODE_SIGN_STYLE = Manual;
				COPY_PHASE_STRIP = NO;
				DEBUG_INFORMATION_FORMAT = "dwarf-with-dsym";
				ENABLE_NS_ASSERTIONS = NO;
				ENABLE_STRICT_OBJC_MSGSEND = YES;
				GCC_C_LANGUAGE_STANDARD = gnu11;
				GCC_NO_COMMON_BLOCKS = YES;
				GCC_WARN_64_TO_32_BIT_CONVERSION = YES;
				GCC_WARN_ABOUT_RETURN_TYPE = YES_ERROR;
				GCC_WARN_UNDECLARED_SELECTOR = YES;
				GCC_WARN_UNINITIALIZED_AUTOS = YES_AGGRESSIVE;
				GCC_WARN_UNUSED_FUNCTION = YES;
				GCC_WARN_UNUSED_VARIABLE = YES;
				MTL_ENABLE_DEBUG_INFO = NO;
				MTL_FAST_MATH = YES;
				PRODUCT_NAME = "$(TARGET_NAME)";
				SDKROOT = iphoneos;
				SWIFT_COMPILATION_MODE = wholemodule;
				SWIFT_OPTIMIZATION_LEVEL = "-O";
				SWIFT_VERSION = 6;
			};
			name = Release;
		};
		1D336DAF3461D2B317AF701B /* Release */ = {
			isa = XCBuildConfiguration;
			buildSettings = {
				ASSETCATALOG_COMPILER_APPICON_NAME = AppIcon;
				CODE_SIGN_IDENTITY = "iPhone Developer";
				INFOPLIST_FILE = "App/Info-iOS.plist";
				LD_RUNPATH_SEARCH_PATHS = (
					"$(inherited)",
					"@executable_path/Frameworks",
				);
				PRODUCT_BUNDLE_IDENTIFIER = "com.ryo.swiftui-atom-properties.examples.TestHostApp";
				SDKROOT = iphoneos;
				TARGETED_DEVICE_FAMILY = "1,2";
			};
			name = Release;
		};
		33D7BA5AF0EBD9915189D08B /* Release */ = {
			isa = XCBuildConfiguration;
			buildSettings = {
				BUNDLE_LOADER = "$(TEST_HOST)";
				GENERATE_INFOPLIST_FILE = YES;
				LD_RUNPATH_SEARCH_PATHS = (
					"$(inherited)",
					"@executable_path/Frameworks",
					"@loader_path/Frameworks",
				);
				PRODUCT_BUNDLE_IDENTIFIER = "com.ryo.swiftui-atom-properties.examples.BenchmarkTests";
				SDKROOT = iphoneos;
				TARGETED_DEVICE_FAMILY = "1,2";
				TEST_HOST = "$(BUILT_PRODUCTS_DIR)/TestHostApp.app/TestHostApp";
			};
			name = Release;
		};
		3E7ADB5CB4A54B195EADF656 /* Debug */ = {
			isa = XCBuildConfiguration;
			buildSettings = {
				BUNDLE_LOADER = "$(TEST_HOST)";
				GENERATE_INFOPLIST_FILE = YES;
				LD_RUNPATH_SEARCH_PATHS = (
					"$(inherited)",
					"@executable_path/Frameworks",
					"@loader_path/Frameworks",
				);
				PRODUCT_BUNDLE_IDENTIFIER = "com.ryo.swiftui-atom-properties.examples.BenchmarkTests";
				SDKROOT = iphoneos;
				TARGETED_DEVICE_FAMILY = "1,2";
				TEST_HOST = "$(BUILT_PRODUCTS_DIR)/TestHostApp.app/TestHostApp";
			};
			name = Debug;
		};
		90F13894F94F9FABCBC8F7CD /* Debug */ = {
			isa = XCBuildConfiguration;
			buildSettings = {
				ASSETCATALOG_COMPILER_APPICON_NAME = AppIcon;
				CODE_SIGN_IDENTITY = "iPhone Developer";
				INFOPLIST_FILE = "App/Info-iOS.plist";
				LD_RUNPATH_SEARCH_PATHS = (
					"$(inherited)",
					"@executable_path/Frameworks",
				);
				PRODUCT_BUNDLE_IDENTIFIER = "com.ryo.swiftui-atom-properties.examples.TestHostApp";
				SDKROOT = iphoneos;
				TARGETED_DEVICE_FAMILY = "1,2";
			};
			name = Debug;
		};
		999683C4B5329A72D12AD584 /* Debug */ = {
			isa = XCBuildConfiguration;
			buildSettings = {
				ALWAYS_SEARCH_USER_PATHS = NO;
				CLANG_ANALYZER_NONNULL = YES;
				CLANG_ANALYZER_NUMBER_OBJECT_CONVERSION = YES_AGGRESSIVE;
				CLANG_CXX_LANGUAGE_STANDARD = "gnu++14";
				CLANG_CXX_LIBRARY = "libc++";
				CLANG_ENABLE_MODULES = YES;
				CLANG_ENABLE_OBJC_ARC = YES;
				CLANG_ENABLE_OBJC_WEAK = YES;
				CLANG_WARN_BLOCK_CAPTURE_AUTORELEASING = YES;
				CLANG_WARN_BOOL_CONVERSION = YES;
				CLANG_WARN_COMMA = YES;
				CLANG_WARN_CONSTANT_CONVERSION = YES;
				CLANG_WARN_DEPRECATED_OBJC_IMPLEMENTATIONS = YES;
				CLANG_WARN_DIRECT_OBJC_ISA_USAGE = YES_ERROR;
				CLANG_WARN_DOCUMENTATION_COMMENTS = YES;
				CLANG_WARN_EMPTY_BODY = YES;
				CLANG_WARN_ENUM_CONVERSION = YES;
				CLANG_WARN_INFINITE_RECURSION = YES;
				CLANG_WARN_INT_CONVERSION = YES;
				CLANG_WARN_NON_LITERAL_NULL_CONVERSION = YES;
				CLANG_WARN_OBJC_IMPLICIT_RETAIN_SELF = YES;
				CLANG_WARN_OBJC_LITERAL_CONVERSION = YES;
				CLANG_WARN_OBJC_ROOT_CLASS = YES_ERROR;
				CLANG_WARN_QUOTED_INCLUDE_IN_FRAMEWORK_HEADER = YES;
				CLANG_WARN_RANGE_LOOP_ANALYSIS = YES;
				CLANG_WARN_STRICT_PROTOTYPES = YES;
				CLANG_WARN_SUSPICIOUS_MOVE = YES;
				CLANG_WARN_UNGUARDED_AVAILABILITY = YES_AGGRESSIVE;
				CLANG_WARN_UNREACHABLE_CODE = YES;
				CLANG_WARN__DUPLICATE_METHOD_MATCH = YES;
				CODE_SIGNING_REQUIRED = NO;
				CODE_SIGN_IDENTITY = "-";
				CODE_SIGN_STYLE = Manual;
				COPY_PHASE_STRIP = NO;
				DEBUG_INFORMATION_FORMAT = dwarf;
				ENABLE_STRICT_OBJC_MSGSEND = YES;
				ENABLE_TESTABILITY = YES;
				GCC_C_LANGUAGE_STANDARD = gnu11;
				GCC_DYNAMIC_NO_PIC = NO;
				GCC_NO_COMMON_BLOCKS = YES;
				GCC_OPTIMIZATION_LEVEL = 0;
				GCC_PREPROCESSOR_DEFINITIONS = (
					"$(inherited)",
					"DEBUG=1",
				);
				GCC_WARN_64_TO_32_BIT_CONVERSION = YES;
				GCC_WARN_ABOUT_RETURN_TYPE = YES_ERROR;
				GCC_WARN_UNDECLARED_SELECTOR = YES;
				GCC_WARN_UNINITIALIZED_AUTOS = YES_AGGRESSIVE;
				GCC_WARN_UNUSED_FUNCTION = YES;
				GCC_WARN_UNUSED_VARIABLE = YES;
				MTL_ENABLE_DEBUG_INFO = INCLUDE_SOURCE;
				MTL_FAST_MATH = YES;
				ONLY_ACTIVE_ARCH = YES;
				PRODUCT_NAME = "$(TARGET_NAME)";
				SDKROOT = iphoneos;
				SWIFT_ACTIVE_COMPILATION_CONDITIONS = DEBUG;
				SWIFT_OPTIMIZATION_LEVEL = "-Onone";
				SWIFT_VERSION = 6;
			};
			name = Debug;
		};
/* End XCBuildConfiguration section */

/* Begin XCConfigurationList section */
		26848C6FB078701AE9EEFAC7 /* Build configuration list for PBXNativeTarget "TestHostApp" */ = {
			isa = XCConfigurationList;
			buildConfigurations = (
				90F13894F94F9FABCBC8F7CD /* Debug */,
				1D336DAF3461D2B317AF701B /* Release */,
			);
			defaultConfigurationIsVisible = 0;
			defaultConfigurationName = Debug;
		};
		9373A9C48A427350E69A3E43 /* Build configuration list for PBXNativeTarget "BenchmarkTests" */ = {
			isa = XCConfigurationList;
			buildConfigurations = (
				3E7ADB5CB4A54B195EADF656 /* Debug */,
				33D7BA5AF0EBD9915189D08B /* Release */,
			);
			defaultConfigurationIsVisible = 0;
			defaultConfigurationName = Debug;
		};
		D91E14E36EC0B415578456F2 /* Build configuration list for PBXProject "Project" */ = {
			isa = XCConfigurationList;
			buildConfigurations = (
				999683C4B5329A72D12AD584 /* Debug */,
				036FCF7C4B48C154279F289D /* Release */,
			);
			defaultConfigurationIsVisible = 0;
			defaultConfigurationName = Debug;
		};
/* End XCConfigurationList section */

/* Begin XCLocalSwiftPackageReference section */
		46971BDB6A1F62470AB88C76 /* XCLocalSwiftPackageReference ".." */ = {
			isa = XCLocalSwiftPackageReference;
			relativePath = ..;
		};
/* End XCLocalSwiftPackageReference section */

/* Begin XCSwiftPackageProductDependency section */
		7B5EF8D0C63A771D0273495C /* Atoms */ = {
			isa = XCSwiftPackageProductDependency;
			productName = Atoms;
		};
/* End XCSwiftPackageProductDependency section */
	};
	rootObject = 0FBAE303E3CFC2ABAC876A77 /* Project object */;
}
