// !$*UTF8*$!
{
	archiveVersion = 1;
	classes = {
	};
	objectVersion = 54;
	objects = {

/* Begin PBXBuildFile section */
		1E8B4C883DAAD55D9B45EDB5 /* CrossPlatform.swift in Sources */ = {isa = PBXBuildFile; fileRef = DD889A29A6D24943E6DD67A7 /* CrossPlatform.swift */; };
		258659D145562A26A2FEABFE /* CrossPlatformApp in Frameworks */ = {isa = PBXBuildFile; productRef = F68FEBE9442BF5A9C4299116 /* CrossPlatformApp */; };
		414AD4B90F8ADFBE1616ACC5 /* iOSApp in Frameworks */ = {isa = PBXBuildFile; productRef = 209011ACD0E8B6FF8A7A9D09 /* iOSApp */; };
		63B04B07591795E44B0A162B /* CrossPlatformApp in Frameworks */ = {isa = PBXBuildFile; productRef = D138B87E618D8518C6BCE8E2 /* CrossPlatformApp */; };
		8A2774FA52AA3CCD911E7180 /* iOS.swift in Sources */ = {isa = PBXBuildFile; fileRef = C19103B92174B65104B95916 /* iOS.swift */; };
		8FD641E19A6550790DB13B56 /* CrossPlatform.swift in Sources */ = {isa = PBXBuildFile; fileRef = DD889A29A6D24943E6DD67A7 /* CrossPlatform.swift */; };
/* End PBXBuildFile section */

/* Begin PBXFileReference section */
		0D16CBF0DA140E5B52A2923C /* CrossPlatform.app */ = {isa = PBXFileReference; includeInIndex = 0; lastKnownFileType = wrapper.application; path = CrossPlatform.app; sourceTree = BUILT_PRODUCTS_DIR; };
		475E0D70E2E59F64A0399B8C /* CrossPlatform */ = {isa = PBXFileReference; lastKnownFileType = folder; name = CrossPlatform; path = Packages/CrossPlatform; sourceTree = SOURCE_ROOT; };
		6CC36E8E390BAE4F78187AE8 /* CrossPlatform.app */ = {isa = PBXFileReference; explicitFileType = wrapper.application; includeInIndex = 0; path = CrossPlatform.app; sourceTree = BUILT_PRODUCTS_DIR; };
		B325F946969A2DCE2C795CCF /* iOS.app */ = {isa = PBXFileReference; includeInIndex = 0; lastKnownFileType = wrapper.application; path = iOS.app; sourceTree = BUILT_PRODUCTS_DIR; };
		C19103B92174B65104B95916 /* iOS.swift */ = {isa = PBXFileReference; lastKnownFileType = sourcecode.swift; path = iOS.swift; sourceTree = "<group>"; };
		DD889A29A6D24943E6DD67A7 /* CrossPlatform.swift */ = {isa = PBXFileReference; lastKnownFileType = sourcecode.swift; path = CrossPlatform.swift; sourceTree = "<group>"; };
		F1130EBC979D3A0C19F5CBD6 /* iOS */ = {isa = PBXFileReference; lastKnownFileType = folder; name = iOS; path = Packages/iOS; sourceTree = SOURCE_ROOT; };
/* End PBXFileReference section */

/* Begin PBXFrameworksBuildPhase section */
		10CF4AF7FE02DF8DA46AE8E7 /* Frameworks */ = {
			isa = PBXFrameworksBuildPhase;
			buildActionMask = 2147483647;
			files = (
				414AD4B90F8ADFBE1616ACC5 /* iOSApp in Frameworks */,
			);
			runOnlyForDeploymentPostprocessing = 0;
		};
		A6B8CA9108FF95CB6E4262FE /* Frameworks */ = {
			isa = PBXFrameworksBuildPhase;
			buildActionMask = 2147483647;
			files = (
				258659D145562A26A2FEABFE /* CrossPlatformApp in Frameworks */,
			);
			runOnlyForDeploymentPostprocessing = 0;
		};
		BB079C5F95194BCCA261817B /* Frameworks */ = {
			isa = PBXFrameworksBuildPhase;
			buildActionMask = 2147483647;
			files = (
				63B04B07591795E44B0A162B /* CrossPlatformApp in Frameworks */,
			);
			runOnlyForDeploymentPostprocessing = 0;
		};
/* End PBXFrameworksBuildPhase section */

/* Begin PBXGroup section */
		1F2DE413CF2CB54988158172 /* App */ = {
			isa = PBXGroup;
			children = (
				DD889A29A6D24943E6DD67A7 /* CrossPlatform.swift */,
				C19103B92174B65104B95916 /* iOS.swift */,
			);
			path = App;
			sourceTree = "<group>";
		};
		293D0FF827366B513839236A = {
			isa = PBXGroup;
			children = (
				1F2DE413CF2CB54988158172 /* App */,
				A333A3A8D6366A46FB38C5DD /* Packages */,
				AC523591AC7BE9275003D2DB /* Products */,
			);
			sourceTree = "<group>";
		};
		A333A3A8D6366A46FB38C5DD /* Packages */ = {
			isa = PBXGroup;
			children = (
				475E0D70E2E59F64A0399B8C /* CrossPlatform */,
				F1130EBC979D3A0C19F5CBD6 /* iOS */,
			);
			path = Packages;
			sourceTree = "<group>";
		};
		AC523591AC7BE9275003D2DB /* Products */ = {
			isa = PBXGroup;
			children = (
				6CC36E8E390BAE4F78187AE8 /* CrossPlatform.app */,
				0D16CBF0DA140E5B52A2923C /* CrossPlatform.app */,
				B325F946969A2DCE2C795CCF /* iOS.app */,
			);
			name = Products;
			sourceTree = "<group>";
		};
/* End PBXGroup section */

/* Begin PBXNativeTarget section */
		161C97D2DD96DC87F9E4A3CE /* CrossPlatform_macOS */ = {
			isa = PBXNativeTarget;
			buildConfigurationList = 489E9CD49D2EA9949CF4A0F6 /* Build configuration list for PBXNativeTarget "CrossPlatform_macOS" */;
			buildPhases = (
				6C259BE0FAC0E6FE44EC9A20 /* Sources */,
				BB079C5F95194BCCA261817B /* Frameworks */,
			);
			buildRules = (
			);
			dependencies = (
			);
			name = CrossPlatform_macOS;
			packageProductDependencies = (
				D138B87E618D8518C6BCE8E2 /* CrossPlatformApp */,
			);
			productName = CrossPlatform_macOS;
			productReference = 6CC36E8E390BAE4F78187AE8 /* CrossPlatform.app */;
			productType = "com.apple.product-type.application";
		};
		21E45A47F250941DC4D03BF5 /* iOS */ = {
			isa = PBXNativeTarget;
			buildConfigurationList = D6630AA77A4C90845A3CD3FC /* Build configuration list for PBXNativeTarget "iOS" */;
			buildPhases = (
				9CB5A1CC0201D5CB7A74AECB /* Sources */,
				10CF4AF7FE02DF8DA46AE8E7 /* Frameworks */,
			);
			buildRules = (
			);
			dependencies = (
			);
			name = iOS;
			packageProductDependencies = (
				209011ACD0E8B6FF8A7A9D09 /* iOSApp */,
			);
			productName = iOS;
			productReference = B325F946969A2DCE2C795CCF /* iOS.app */;
			productType = "com.apple.product-type.application";
		};
		B1F2F6767CFBA1893D633A4B /* CrossPlatform_tvOS */ = {
			isa = PBXNativeTarget;
			buildConfigurationList = 92498FEFF319BA093A0C4BC9 /* Build configuration list for PBXNativeTarget "CrossPlatform_tvOS" */;
			buildPhases = (
				59AE5F6F03AC0E7F21ADF542 /* Sources */,
				A6B8CA9108FF95CB6E4262FE /* Frameworks */,
			);
			buildRules = (
			);
			dependencies = (
			);
			name = CrossPlatform_tvOS;
			packageProductDependencies = (
				F68FEBE9442BF5A9C4299116 /* CrossPlatformApp */,
			);
			productName = CrossPlatform_tvOS;
			productReference = 0D16CBF0DA140E5B52A2923C /* CrossPlatform.app */;
			productType = "com.apple.product-type.application";
		};
/* End PBXNativeTarget section */

/* Begin PBXProject section */
		0FBAE303E3CFC2ABAC876A77 /* Project object */ = {
			isa = PBXProject;
			attributes = {
				BuildIndependentTargetsInParallel = YES;
				LastUpgradeCheck = 1430;
				TargetAttributes = {
					161C97D2DD96DC87F9E4A3CE = {
						ProvisioningStyle = Manual;
					};
					21E45A47F250941DC4D03BF5 = {
						ProvisioningStyle = Manual;
					};
					B1F2F6767CFBA1893D633A4B = {
						ProvisioningStyle = Manual;
					};
				};
			};
			buildConfigurationList = D91E14E36EC0B415578456F2 /* Build configuration list for PBXProject "Project" */;
			compatibilityVersion = "Xcode 14.0";
			developmentRegion = en;
			hasScannedForEncodings = 0;
			knownRegions = (
				Base,
				en,
			);
			mainGroup = 293D0FF827366B513839236A;
			packageReferences = (
				E33DA6C4A12A51D5FE9E2326 /* XCLocalSwiftPackageReference "Packages/CrossPlatform" */,
				0D7591B851157DD4AFC572BB /* XCLocalSwiftPackageReference "Packages/iOS" */,
			);
			projectDirPath = "";
			projectRoot = "";
			targets = (
				161C97D2DD96DC87F9E4A3CE /* CrossPlatform_macOS */,
				B1F2F6767CFBA1893D633A4B /* CrossPlatform_tvOS */,
				21E45A47F250941DC4D03BF5 /* iOS */,
			);
		};
/* End PBXProject section */

/* Begin PBXSourcesBuildPhase section */
		59AE5F6F03AC0E7F21ADF542 /* Sources */ = {
			isa = PBXSourcesBuildPhase;
			buildActionMask = 2147483647;
			files = (
				8FD641E19A6550790DB13B56 /* CrossPlatform.swift in Sources */,
			);
			runOnlyForDeploymentPostprocessing = 0;
		};
		6C259BE0FAC0E6FE44EC9A20 /* Sources */ = {
			isa = PBXSourcesBuildPhase;
			buildActionMask = 2147483647;
			files = (
				1E8B4C883DAAD55D9B45EDB5 /* CrossPlatform.swift in Sources */,
			);
			runOnlyForDeploymentPostprocessing = 0;
		};
		9CB5A1CC0201D5CB7A74AECB /* Sources */ = {
			isa = PBXSourcesBuildPhase;
			buildActionMask = 2147483647;
			files = (
				8A2774FA52AA3CCD911E7180 /* iOS.swift in Sources */,
			);
			runOnlyForDeploymentPostprocessing = 0;
		};
/* End PBXSourcesBuildPhase section */

/* Begin XCBuildConfiguration section */
		036FCF7C4B48C154279F289D /* Release */ = {
			isa = XCBuildConfiguration;
			buildSettings = {
				ALWAYS_SEARCH_USER_PATHS = NO;
				CLANG_ANALYZER_NONNULL = YES;
				CLANG_ANALYZER_NUMBER_OBJECT_CONVERSION = YES_AGGRESSIVE;
				CLANG_CXX_LANGUAGE_STANDARD = "gnu++14";
				CLANG_CXX_LIBRARY = "libc++";
				CLANG_ENABLE_MODULES = YES;
				CLANG_ENABLE_OBJC_ARC = YES;
				CLANG_ENABLE_OBJC_WEAK = YES;
				CLANG_WARN_BLOCK_CAPTURE_AUTORELEASING = YES;
				CLANG_WARN_BOOL_CONVERSION = YES;
				CLANG_WARN_COMMA = YES;
				CLANG_WARN_CONSTANT_CONVERSION = YES;
				CLANG_WARN_DEPRECATED_OBJC_IMPLEMENTATIONS = YES;
				CLANG_WARN_DIRECT_OBJC_ISA_USAGE = YES_ERROR;
				CLANG_WARN_DOCUMENTATION_COMMENTS = YES;
				CLANG_WARN_EMPTY_BODY = YES;
				CLANG_WARN_ENUM_CONVERSION = YES;
				CLANG_WARN_INFINITE_RECURSION = YES;
				CLANG_WARN_INT_CONVERSION = YES;
				CLANG_WARN_NON_LITERAL_NULL_CONVERSION = YES;
				CLANG_WARN_OBJC_IMPLICIT_RETAIN_SELF = YES;
				CLANG_WARN_OBJC_LITERAL_CONVERSION = YES;
				CLANG_WARN_OBJC_ROOT_CLASS = YES_ERROR;
				CLANG_WARN_QUOTED_INCLUDE_IN_FRAMEWORK_HEADER = YES;
				CLANG_WARN_RANGE_LOOP_ANALYSIS = YES;
				CLANG_WARN_STRICT_PROTOTYPES = YES;
				CLANG_WARN_SUSPICIOUS_MOVE = YES;
				CLANG_WARN_UNGUARDED_AVAILABILITY = YES_AGGRESSIVE;
				CLANG_WARN_UNREACHABLE_CODE = YES;
				CLANG_WARN__DUPLICATE_METHOD_MATCH = YES;
				CODE_SIGNING_REQUIRED = NO;
				CODE_SIGN_IDENTITY = "-";
				CODE_SIGN_STYLE = Manual;
				COPY_PHASE_STRIP = NO;
				DEBUG_INFORMATION_FORMAT = "dwarf-with-dsym";
				ENABLE_NS_ASSERTIONS = NO;
				ENABLE_STRICT_OBJC_MSGSEND = YES;
				GCC_C_LANGUAGE_STANDARD = gnu11;
				GCC_NO_COMMON_BLOCKS = YES;
				GCC_WARN_64_TO_32_BIT_CONVERSION = YES;
				GCC_WARN_ABOUT_RETURN_TYPE = YES_ERROR;
				GCC_WARN_UNDECLARED_SELECTOR = YES;
				GCC_WARN_UNINITIALIZED_AUTOS = YES_AGGRESSIVE;
				GCC_WARN_UNUSED_FUNCTION = YES;
				GCC_WARN_UNUSED_VARIABLE = YES;
				IPHONEOS_DEPLOYMENT_TARGET = 16.0;
				MACOSX_DEPLOYMENT_TARGET = 13.0;
				MTL_ENABLE_DEBUG_INFO = NO;
				MTL_FAST_MATH = YES;
				PRODUCT_NAME = "$(TARGET_NAME)";
				SWIFT_COMPILATION_MODE = wholemodule;
				SWIFT_OPTIMIZATION_LEVEL = "-O";
				SWIFT_STRICT_CONCURRENCY = complete;
				SWIFT_VERSION = 5.0;
				TVOS_DEPLOYMENT_TARGET = 16.0;
			};
			name = Release;
		};
		0D119B40B422700BFF0170D8 /* Release */ = {
			isa = XCBuildConfiguration;
			buildSettings = {
				ASSETCATALOG_COMPILER_APPICON_NAME = AppIcon;
				CODE_SIGN_IDENTITY = "iPhone Developer";
				INFOPLIST_FILE = "App/Info-iOS.plist";
				LD_RUNPATH_SEARCH_PATHS = (
					"$(inherited)",
					"@executable_path/Frameworks",
				);
				PRODUCT_BUNDLE_IDENTIFIER = "com.ryo.swiftui-atom-properties.examples.iOS";
				SDKROOT = iphoneos;
				TARGETED_DEVICE_FAMILY = "1,2";
			};
			name = Release;
		};
		1F08B6EF907DA88BC5BC83B8 /* Debug */ = {
			isa = XCBuildConfiguration;
			buildSettings = {
				ASSETCATALOG_COMPILER_APPICON_NAME = AppIcon;
				CODE_SIGN_IDENTITY = "iPhone Developer";
				INFOPLIST_FILE = "App/Info-iOS.plist";
				LD_RUNPATH_SEARCH_PATHS = (
					"$(inherited)",
					"@executable_path/Frameworks",
				);
				PRODUCT_BUNDLE_IDENTIFIER = "com.ryo.swiftui-atom-properties.examples.iOS";
				SDKROOT = iphoneos;
				TARGETED_DEVICE_FAMILY = "1,2";
			};
			name = Debug;
		};
		3197410091D7FC7EADDB0DFB /* Release */ = {
			isa = XCBuildConfiguration;
			buildSettings = {
				ASSETCATALOG_COMPILER_APPICON_NAME = AppIcon;
				COMBINE_HIDPI_IMAGES = YES;
				INFOPLIST_FILE = "App/Info-CrossPlatform_macOS.plist";
				LD_RUNPATH_SEARCH_PATHS = (
					"$(inherited)",
					"@executable_path/../Frameworks",
				);
				PRODUCT_BUNDLE_IDENTIFIER = "com.ryo.swiftui-atom-properties.examples.CrossPlatform-macOS";
				PRODUCT_NAME = CrossPlatform;
				SDKROOT = macosx;
			};
			name = Release;
		};
		6793BA29E51979132FFCF940 /* Debug */ = {
			isa = XCBuildConfiguration;
			buildSettings = {
				ASSETCATALOG_COMPILER_APPICON_NAME = AppIcon;
				COMBINE_HIDPI_IMAGES = YES;
				INFOPLIST_FILE = "App/Info-CrossPlatform_macOS.plist";
				LD_RUNPATH_SEARCH_PATHS = (
					"$(inherited)",
					"@executable_path/../Frameworks",
				);
				PRODUCT_BUNDLE_IDENTIFIER = "com.ryo.swiftui-atom-properties.examples.CrossPlatform-macOS";
				PRODUCT_NAME = CrossPlatform;
				SDKROOT = macosx;
			};
			name = Debug;
		};
		999683C4B5329A72D12AD584 /* Debug */ = {
			isa = XCBuildConfiguration;
			buildSettings = {
				ALWAYS_SEARCH_USER_PATHS = NO;
				CLANG_ANALYZER_NONNULL = YES;
				CLANG_ANALYZER_NUMBER_OBJECT_CONVERSION = YES_AGGRESSIVE;
				CLANG_CXX_LANGUAGE_STANDARD = "gnu++14";
				CLANG_CXX_LIBRARY = "libc++";
				CLANG_ENABLE_MODULES = YES;
				CLANG_ENABLE_OBJC_ARC = YES;
				CLANG_ENABLE_OBJC_WEAK = YES;
				CLANG_WARN_BLOCK_CAPTURE_AUTORELEASING = YES;
				CLANG_WARN_BOOL_CONVERSION = YES;
				CLANG_WARN_COMMA = YES;
				CLANG_WARN_CONSTANT_CONVERSION = YES;
				CLANG_WARN_DEPRECATED_OBJC_IMPLEMENTATIONS = YES;
				CLANG_WARN_DIRECT_OBJC_ISA_USAGE = YES_ERROR;
				CLANG_WARN_DOCUMENTATION_COMMENTS = YES;
				CLANG_WARN_EMPTY_BODY = YES;
				CLANG_WARN_ENUM_CONVERSION = YES;
				CLANG_WARN_INFINITE_RECURSION = YES;
				CLANG_WARN_INT_CONVERSION = YES;
				CLANG_WARN_NON_LITERAL_NULL_CONVERSION = YES;
				CLANG_WARN_OBJC_IMPLICIT_RETAIN_SELF = YES;
				CLANG_WARN_OBJC_LITERAL_CONVERSION = YES;
				CLANG_WARN_OBJC_ROOT_CLASS = YES_ERROR;
				CLANG_WARN_QUOTED_INCLUDE_IN_FRAMEWORK_HEADER = YES;
				CLANG_WARN_RANGE_LOOP_ANALYSIS = YES;
				CLANG_WARN_STRICT_PROTOTYPES = YES;
				CLANG_WARN_SUSPICIOUS_MOVE = YES;
				CLANG_WARN_UNGUARDED_AVAILABILITY = YES_AGGRESSIVE;
				CLANG_WARN_UNREACHABLE_CODE = YES;
				CLANG_WARN__DUPLICATE_METHOD_MATCH = YES;
				CODE_SIGNING_REQUIRED = NO;
				CODE_SIGN_IDENTITY = "-";
				CODE_SIGN_STYLE = Manual;
				COPY_PHASE_STRIP = NO;
				DEBUG_INFORMATION_FORMAT = dwarf;
				ENABLE_STRICT_OBJC_MSGSEND = YES;
				ENABLE_TESTABILITY = YES;
				GCC_C_LANGUAGE_STANDARD = gnu11;
				GCC_DYNAMIC_NO_PIC = NO;
				GCC_NO_COMMON_BLOCKS = YES;
				GCC_OPTIMIZATION_LEVEL = 0;
				GCC_PREPROCESSOR_DEFINITIONS = (
					"$(inherited)",
					"DEBUG=1",
				);
				GCC_WARN_64_TO_32_BIT_CONVERSION = YES;
				GCC_WARN_ABOUT_RETURN_TYPE = YES_ERROR;
				GCC_WARN_UNDECLARED_SELECTOR = YES;
				GCC_WARN_UNINITIALIZED_AUTOS = YES_AGGRESSIVE;
				GCC_WARN_UNUSED_FUNCTION = YES;
				GCC_WARN_UNUSED_VARIABLE = YES;
				IPHONEOS_DEPLOYMENT_TARGET = 16.0;
				MACOSX_DEPLOYMENT_TARGET = 13.0;
				MTL_ENABLE_DEBUG_INFO = INCLUDE_SOURCE;
				MTL_FAST_MATH = YES;
				ONLY_ACTIVE_ARCH = YES;
				PRODUCT_NAME = "$(TARGET_NAME)";
				SWIFT_ACTIVE_COMPILATION_CONDITIONS = DEBUG;
				SWIFT_OPTIMIZATION_LEVEL = "-Onone";
				SWIFT_STRICT_CONCURRENCY = complete;
				SWIFT_VERSION = 5.0;
				TVOS_DEPLOYMENT_TARGET = 16.0;
			};
			name = Debug;
		};
		CAEA319339AB570A53207A65 /* Release */ = {
			isa = XCBuildConfiguration;
			buildSettings = {
				ASSETCATALOG_COMPILER_APPICON_NAME = "App Icon & Top Shelf Image";
				ASSETCATALOG_COMPILER_LAUNCHIMAGE_NAME = LaunchImage;
				INFOPLIST_FILE = "App/Info-CrossPlatform_tvOS.plist";
				LD_RUNPATH_SEARCH_PATHS = (
					"$(inherited)",
					"@executable_path/Frameworks",
				);
				PRODUCT_BUNDLE_IDENTIFIER = "com.ryo.swiftui-atom-properties.examples.CrossPlatform-tvOS";
				PRODUCT_NAME = CrossPlatform;
				SDKROOT = appletvos;
				TARGETED_DEVICE_FAMILY = 3;
			};
			name = Release;
		};
		E01B5DD63B75617BADA80FDD /* Debug */ = {
			isa = XCBuildConfiguration;
			buildSettings = {
				ASSETCATALOG_COMPILER_APPICON_NAME = "App Icon & Top Shelf Image";
				ASSETCATALOG_COMPILER_LAUNCHIMAGE_NAME = LaunchImage;
				INFOPLIST_FILE = "App/Info-CrossPlatform_tvOS.plist";
				LD_RUNPATH_SEARCH_PATHS = (
					"$(inherited)",
					"@executable_path/Frameworks",
				);
				PRODUCT_BUNDLE_IDENTIFIER = "com.ryo.swiftui-atom-properties.examples.CrossPlatform-tvOS";
				PRODUCT_NAME = CrossPlatform;
				SDKROOT = appletvos;
				TARGETED_DEVICE_FAMILY = 3;
			};
			name = Debug;
		};
/* End XCBuildConfiguration section */

/* Begin XCConfigurationList section */
		489E9CD49D2EA9949CF4A0F6 /* Build configuration list for PBXNativeTarget "CrossPlatform_macOS" */ = {
			isa = XCConfigurationList;
			buildConfigurations = (
				6793BA29E51979132FFCF940 /* Debug */,
				3197410091D7FC7EADDB0DFB /* Release */,
			);
			defaultConfigurationIsVisible = 0;
			defaultConfigurationName = Debug;
		};
		92498FEFF319BA093A0C4BC9 /* Build configuration list for PBXNativeTarget "CrossPlatform_tvOS" */ = {
			isa = XCConfigurationList;
			buildConfigurations = (
				E01B5DD63B75617BADA80FDD /* Debug */,
				CAEA319339AB570A53207A65 /* Release */,
			);
			defaultConfigurationIsVisible = 0;
			defaultConfigurationName = Debug;
		};
		D6630AA77A4C90845A3CD3FC /* Build configuration list for PBXNativeTarget "iOS" */ = {
			isa = XCConfigurationList;
			buildConfigurations = (
				1F08B6EF907DA88BC5BC83B8 /* Debug */,
				0D119B40B422700BFF0170D8 /* Release */,
			);
			defaultConfigurationIsVisible = 0;
			defaultConfigurationName = Debug;
		};
		D91E14E36EC0B415578456F2 /* Build configuration list for PBXProject "Project" */ = {
			isa = XCConfigurationList;
			buildConfigurations = (
				999683C4B5329A72D12AD584 /* Debug */,
				036FCF7C4B48C154279F289D /* Release */,
			);
			defaultConfigurationIsVisible = 0;
			defaultConfigurationName = Debug;
		};
/* End XCConfigurationList section */

/* Begin XCLocalSwiftPackageReference section */
		0D7591B851157DD4AFC572BB /* XCLocalSwiftPackageReference "Packages/iOS" */ = {
			isa = XCLocalSwiftPackageReference;
			relativePath = Packages/iOS;
		};
		E33DA6C4A12A51D5FE9E2326 /* XCLocalSwiftPackageReference "Packages/CrossPlatform" */ = {
			isa = XCLocalSwiftPackageReference;
			relativePath = Packages/CrossPlatform;
		};
/* End XCLocalSwiftPackageReference section */

/* Begin XCSwiftPackageProductDependency section */
		209011ACD0E8B6FF8A7A9D09 /* iOSApp */ = {
			isa = XCSwiftPackageProductDependency;
			productName = iOSApp;
		};
		D138B87E618D8518C6BCE8E2 /* CrossPlatformApp */ = {
			isa = XCSwiftPackageProductDependency;
			productName = CrossPlatformApp;
		};
		F68FEBE9442BF5A9C4299116 /* CrossPlatformApp */ = {
			isa = XCSwiftPackageProductDependency;
			productName = CrossPlatformApp;
		};
/* End XCSwiftPackageProductDependency section */
	};
	rootObject = 0FBAE303E3CFC2ABAC876A77 /* Project object */;
}
